// !$*UTF8*$!
{
	archiveVersion = 1;
	classes = {
	};
	objectVersion = 46;
	objects = {

/* Begin PBXBuildFile section */
		C9CD50F619198E7000C41AC5 /* Foundation.framework in Frameworks */ = {isa = PBXBuildFile; fileRef = C9CD50F519198E7000C41AC5 /* Foundation.framework */; };
		C9CD50F819198E7000C41AC5 /* CoreGraphics.framework in Frameworks */ = {isa = PBXBuildFile; fileRef = C9CD50F719198E7000C41AC5 /* CoreGraphics.framework */; };
		C9CD50FA19198E7000C41AC5 /* UIKit.framework in Frameworks */ = {isa = PBXBuildFile; fileRef = C9CD50F919198E7000C41AC5 /* UIKit.framework */; };
		C9CD510019198E7000C41AC5 /* InfoPlist.strings in Resources */ = {isa = PBXBuildFile; fileRef = C9CD50FE19198E7000C41AC5 /* InfoPlist.strings */; };
		C9CD510219198E7000C41AC5 /* main.m in Sources */ = {isa = PBXBuildFile; fileRef = C9CD510119198E7000C41AC5 /* main.m */; };
		C9CD510619198E7000C41AC5 /* MVAppDelegate.m in Sources */ = {isa = PBXBuildFile; fileRef = C9CD510519198E7000C41AC5 /* MVAppDelegate.m */; };
		C9CD510919198E7000C41AC5 /* Main.storyboard in Resources */ = {isa = PBXBuildFile; fileRef = C9CD510719198E7000C41AC5 /* Main.storyboard */; };
		C9CD510C19198E7000C41AC5 /* MVViewController.m in Sources */ = {isa = PBXBuildFile; fileRef = C9CD510B19198E7000C41AC5 /* MVViewController.m */; };
		C9CD510E19198E7000C41AC5 /* Images.xcassets in Resources */ = {isa = PBXBuildFile; fileRef = C9CD510D19198E7000C41AC5 /* Images.xcassets */; };
		C9CD511519198E7100C41AC5 /* XCTest.framework in Frameworks */ = {isa = PBXBuildFile; fileRef = C9CD511419198E7100C41AC5 /* XCTest.framework */; };
		C9CD511619198E7100C41AC5 /* Foundation.framework in Frameworks */ = {isa = PBXBuildFile; fileRef = C9CD50F519198E7000C41AC5 /* Foundation.framework */; };
		C9CD511719198E7100C41AC5 /* UIKit.framework in Frameworks */ = {isa = PBXBuildFile; fileRef = C9CD50F919198E7000C41AC5 /* UIKit.framework */; };
		C9CD511F19198E7100C41AC5 /* InfoPlist.strings in Resources */ = {isa = PBXBuildFile; fileRef = C9CD511D19198E7100C41AC5 /* InfoPlist.strings */; };
		C9CD512119198E7100C41AC5 /* ConnectFourSetUpTests.m in Sources */ = {isa = PBXBuildFile; fileRef = C9CD512019198E7100C41AC5 /* ConnectFourSetUpTests.m */; };
/* End PBXBuildFile section */

/* Begin PBXContainerItemProxy section */
		C9CD511819198E7100C41AC5 /* PBXContainerItemProxy */ = {
			isa = PBXContainerItemProxy;
			containerPortal = C9CD50EA19198E7000C41AC5 /* Project object */;
			proxyType = 1;
			remoteGlobalIDString = C9CD50F119198E7000C41AC5;
			remoteInfo = ConnectFourSetUp;
		};
/* End PBXContainerItemProxy section */

/* Begin PBXFileReference section */
		C9CD50F219198E7000C41AC5 /* ConnectFourSetUp.app */ = {isa = PBXFileReference; explicitFileType = wrapper.application; includeInIndex = 0; path = ConnectFourSetUp.app; sourceTree = BUILT_PRODUCTS_DIR; };
		C9CD50F519198E7000C41AC5 /* Foundation.framework */ = {isa = PBXFileReference; lastKnownFileType = wrapper.framework; name = Foundation.framework; path = System/Library/Frameworks/Foundation.framework; sourceTree = SDKROOT; };
		C9CD50F719198E7000C41AC5 /* CoreGraphics.framework */ = {isa = PBXFileReference; lastKnownFileType = wrapper.framework; name = CoreGraphics.framework; path = System/Library/Frameworks/CoreGraphics.framework; sourceTree = SDKROOT; };
		C9CD50F919198E7000C41AC5 /* UIKit.framework */ = {isa = PBXFileReference; lastKnownFileType = wrapper.framework; name = UIKit.framework; path = System/Library/Frameworks/UIKit.framework; sourceTree = SDKROOT; };
		C9CD50FD19198E7000C41AC5 /* ConnectFourSetUp-Info.plist */ = {isa = PBXFileReference; lastKnownFileType = text.plist.xml; path = "ConnectFourSetUp-Info.plist"; sourceTree = "<group>"; };
		C9CD50FF19198E7000C41AC5 /* en */ = {isa = PBXFileReference; lastKnownFileType = text.plist.strings; name = en; path = en.lproj/InfoPlist.strings; sourceTree = "<group>"; };
		C9CD510119198E7000C41AC5 /* main.m */ = {isa = PBXFileReference; lastKnownFileType = sourcecode.c.objc; path = main.m; sourceTree = "<group>"; };
		C9CD510319198E7000C41AC5 /* ConnectFourSetUp-Prefix.pch */ = {isa = PBXFileReference; lastKnownFileType = sourcecode.c.h; path = "ConnectFourSetUp-Prefix.pch"; sourceTree = "<group>"; };
		C9CD510419198E7000C41AC5 /* MVAppDelegate.h */ = {isa = PBXFileReference; lastKnownFileType = sourcecode.c.h; path = MVAppDelegate.h; sourceTree = "<group>"; };
		C9CD510519198E7000C41AC5 /* MVAppDelegate.m */ = {isa = PBXFileReference; lastKnownFileType = sourcecode.c.objc; path = MVAppDelegate.m; sourceTree = "<group>"; };
		C9CD510819198E7000C41AC5 /* Base */ = {isa = PBXFileReference; lastKnownFileType = file.storyboard; name = Base; path = Base.lproj/Main.storyboard; sourceTree = "<group>"; };
		C9CD510A19198E7000C41AC5 /* MVViewController.h */ = {isa = PBXFileReference; lastKnownFileType = sourcecode.c.h; path = MVViewController.h; sourceTree = "<group>"; };
		C9CD510B19198E7000C41AC5 /* MVViewController.m */ = {isa = PBXFileReference; lastKnownFileType = sourcecode.c.objc; path = MVViewController.m; sourceTree = "<group>"; };
		C9CD510D19198E7000C41AC5 /* Images.xcassets */ = {isa = PBXFileReference; lastKnownFileType = folder.assetcatalog; path = Images.xcassets; sourceTree = "<group>"; };
		C9CD511319198E7100C41AC5 /* ConnectFourSetUpTests.xctest */ = {isa = PBXFileReference; explicitFileType = wrapper.cfbundle; includeInIndex = 0; path = ConnectFourSetUpTests.xctest; sourceTree = BUILT_PRODUCTS_DIR; };
		C9CD511419198E7100C41AC5 /* XCTest.framework */ = {isa = PBXFileReference; lastKnownFileType = wrapper.framework; name = XCTest.framework; path = Library/Frameworks/XCTest.framework; sourceTree = DEVELOPER_DIR; };
		C9CD511C19198E7100C41AC5 /* ConnectFourSetUpTests-Info.plist */ = {isa = PBXFileReference; lastKnownFileType = text.plist.xml; path = "ConnectFourSetUpTests-Info.plist"; sourceTree = "<group>"; };
		C9CD511E19198E7100C41AC5 /* en */ = {isa = PBXFileReference; lastKnownFileType = text.plist.strings; name = en; path = en.lproj/InfoPlist.strings; sourceTree = "<group>"; };
		C9CD512019198E7100C41AC5 /* ConnectFourSetUpTests.m */ = {isa = PBXFileReference; lastKnownFileType = sourcecode.c.objc; path = ConnectFourSetUpTests.m; sourceTree = "<group>"; };
/* End PBXFileReference section */

/* Begin PBXFrameworksBuildPhase section */
		C9CD50EF19198E7000C41AC5 /* Frameworks */ = {
			isa = PBXFrameworksBuildPhase;
			buildActionMask = 2147483647;
			files = (
				C9CD50F819198E7000C41AC5 /* CoreGraphics.framework in Frameworks */,
				C9CD50FA19198E7000C41AC5 /* UIKit.framework in Frameworks */,
				C9CD50F619198E7000C41AC5 /* Foundation.framework in Frameworks */,
			);
			runOnlyForDeploymentPostprocessing = 0;
		};
		C9CD511019198E7100C41AC5 /* Frameworks */ = {
			isa = PBXFrameworksBuildPhase;
			buildActionMask = 2147483647;
			files = (
				C9CD511519198E7100C41AC5 /* XCTest.framework in Frameworks */,
				C9CD511719198E7100C41AC5 /* UIKit.framework in Frameworks */,
				C9CD511619198E7100C41AC5 /* Foundation.framework in Frameworks */,
			);
			runOnlyForDeploymentPostprocessing = 0;
		};
/* End PBXFrameworksBuildPhase section */

/* Begin PBXGroup section */
		C9CD50E919198E7000C41AC5 = {
			isa = PBXGroup;
			children = (
				C9CD50FB19198E7000C41AC5 /* ConnectFourSetUp */,
				C9CD511A19198E7100C41AC5 /* ConnectFourSetUpTests */,
				C9CD50F419198E7000C41AC5 /* Frameworks */,
				C9CD50F319198E7000C41AC5 /* Products */,
			);
			sourceTree = "<group>";
		};
		C9CD50F319198E7000C41AC5 /* Products */ = {
			isa = PBXGroup;
			children = (
				C9CD50F219198E7000C41AC5 /* ConnectFourSetUp.app */,
				C9CD511319198E7100C41AC5 /* ConnectFourSetUpTests.xctest */,
			);
			name = Products;
			sourceTree = "<group>";
		};
		C9CD50F419198E7000C41AC5 /* Frameworks */ = {
			isa = PBXGroup;
			children = (
				C9CD50F519198E7000C41AC5 /* Foundation.framework */,
				C9CD50F719198E7000C41AC5 /* CoreGraphics.framework */,
				C9CD50F919198E7000C41AC5 /* UIKit.framework */,
				C9CD511419198E7100C41AC5 /* XCTest.framework */,
			);
			name = Frameworks;
			sourceTree = "<group>";
		};
		C9CD50FB19198E7000C41AC5 /* ConnectFourSetUp */ = {
			isa = PBXGroup;
			children = (
				C9CD510419198E7000C41AC5 /* MVAppDelegate.h */,
				C9CD510519198E7000C41AC5 /* MVAppDelegate.m */,
				C9CD510719198E7000C41AC5 /* Main.storyboard */,
				C9CD510A19198E7000C41AC5 /* MVViewController.h */,
				C9CD510B19198E7000C41AC5 /* MVViewController.m */,
				C9CD510D19198E7000C41AC5 /* Images.xcassets */,
				C9CD50FC19198E7000C41AC5 /* Supporting Files */,
			);
			path = ConnectFourSetUp;
			sourceTree = "<group>";
		};
		C9CD50FC19198E7000C41AC5 /* Supporting Files */ = {
			isa = PBXGroup;
			children = (
				C9CD50FD19198E7000C41AC5 /* ConnectFourSetUp-Info.plist */,
				C9CD50FE19198E7000C41AC5 /* InfoPlist.strings */,
				C9CD510119198E7000C41AC5 /* main.m */,
				C9CD510319198E7000C41AC5 /* ConnectFourSetUp-Prefix.pch */,
			);
			name = "Supporting Files";
			sourceTree = "<group>";
		};
		C9CD511A19198E7100C41AC5 /* ConnectFourSetUpTests */ = {
			isa = PBXGroup;
			children = (
				C9CD512019198E7100C41AC5 /* ConnectFourSetUpTests.m */,
				C9CD511B19198E7100C41AC5 /* Supporting Files */,
			);
			path = ConnectFourSetUpTests;
			sourceTree = "<group>";
		};
		C9CD511B19198E7100C41AC5 /* Supporting Files */ = {
			isa = PBXGroup;
			children = (
				C9CD511C19198E7100C41AC5 /* ConnectFourSetUpTests-Info.plist */,
				C9CD511D19198E7100C41AC5 /* InfoPlist.strings */,
			);
			name = "Supporting Files";
			sourceTree = "<group>";
		};
/* End PBXGroup section */

/* Begin PBXNativeTarget section */
		C9CD50F119198E7000C41AC5 /* ConnectFourSetUp */ = {
			isa = PBXNativeTarget;
			buildConfigurationList = C9CD512419198E7100C41AC5 /* Build configuration list for PBXNativeTarget "ConnectFourSetUp" */;
			buildPhases = (
				C9CD50EE19198E7000C41AC5 /* Sources */,
				C9CD50EF19198E7000C41AC5 /* Frameworks */,
				C9CD50F019198E7000C41AC5 /* Resources */,
			);
			buildRules = (
			);
			dependencies = (
			);
			name = ConnectFourSetUp;
			productName = ConnectFourSetUp;
			productReference = C9CD50F219198E7000C41AC5 /* ConnectFourSetUp.app */;
			productType = "com.apple.product-type.application";
		};
		C9CD511219198E7100C41AC5 /* ConnectFourSetUpTests */ = {
			isa = PBXNativeTarget;
			buildConfigurationList = C9CD512719198E7100C41AC5 /* Build configuration list for PBXNativeTarget "ConnectFourSetUpTests" */;
			buildPhases = (
				C9CD510F19198E7100C41AC5 /* Sources */,
				C9CD511019198E7100C41AC5 /* Frameworks */,
				C9CD511119198E7100C41AC5 /* Resources */,
			);
			buildRules = (
			);
			dependencies = (
				C9CD511919198E7100C41AC5 /* PBXTargetDependency */,
			);
			name = ConnectFourSetUpTests;
			productName = ConnectFourSetUpTests;
			productReference = C9CD511319198E7100C41AC5 /* ConnectFourSetUpTests.xctest */;
			productType = "com.apple.product-type.bundle.unit-test";
		};
/* End PBXNativeTarget section */

/* Begin PBXProject section */
		C9CD50EA19198E7000C41AC5 /* Project object */ = {
			isa = PBXProject;
			attributes = {
				CLASSPREFIX = MV;
				LastUpgradeCheck = 0510;
				ORGANIZATIONNAME = "Matthew Voss";
				TargetAttributes = {
					C9CD511219198E7100C41AC5 = {
						TestTargetID = C9CD50F119198E7000C41AC5;
					};
				};
			};
			buildConfigurationList = C9CD50ED19198E7000C41AC5 /* Build configuration list for PBXProject "ConnectFourSetUp" */;
			compatibilityVersion = "Xcode 3.2";
			developmentRegion = English;
			hasScannedForEncodings = 0;
			knownRegions = (
				en,
				Base,
			);
			mainGroup = C9CD50E919198E7000C41AC5;
			productRefGroup = C9CD50F319198E7000C41AC5 /* Products */;
			projectDirPath = "";
			projectRoot = "";
			targets = (
				C9CD50F119198E7000C41AC5 /* ConnectFourSetUp */,
				C9CD511219198E7100C41AC5 /* ConnectFourSetUpTests */,
			);
		};
/* End PBXProject section */

/* Begin PBXResourcesBuildPhase section */
		C9CD50F019198E7000C41AC5 /* Resources */ = {
			isa = PBXResourcesBuildPhase;
			buildActionMask = 2147483647;
			files = (
				C9CD510E19198E7000C41AC5 /* Images.xcassets in Resources */,
				C9CD510019198E7000C41AC5 /* InfoPlist.strings in Resources */,
				C9CD510919198E7000C41AC5 /* Main.storyboard in Resources */,
			);
			runOnlyForDeploymentPostprocessing = 0;
		};
		C9CD511119198E7100C41AC5 /* Resources */ = {
			isa = PBXResourcesBuildPhase;
			buildActionMask = 2147483647;
			files = (
				C9CD511F19198E7100C41AC5 /* InfoPlist.strings in Resources */,
			);
			runOnlyForDeploymentPostprocessing = 0;
		};
/* End PBXResourcesBuildPhase section */

/* Begin PBXSourcesBuildPhase section */
		C9CD50EE19198E7000C41AC5 /* Sources */ = {
			isa = PBXSourcesBuildPhase;
			buildActionMask = 2147483647;
			files = (
				C9CD510219198E7000C41AC5 /* main.m in Sources */,
				C9CD510C19198E7000C41AC5 /* MVViewController.m in Sources */,
				C9CD510619198E7000C41AC5 /* MVAppDelegate.m in Sources */,
			);
			runOnlyForDeploymentPostprocessing = 0;
		};
		C9CD510F19198E7100C41AC5 /* Sources */ = {
			isa = PBXSourcesBuildPhase;
			buildActionMask = 2147483647;
			files = (
				C9CD512119198E7100C41AC5 /* ConnectFourSetUpTests.m in Sources */,
			);
			runOnlyForDeploymentPostprocessing = 0;
		};
/* End PBXSourcesBuildPhase section */

/* Begin PBXTargetDependency section */
		C9CD511919198E7100C41AC5 /* PBXTargetDependency */ = {
			isa = PBXTargetDependency;
			target = C9CD50F119198E7000C41AC5 /* ConnectFourSetUp */;
			targetProxy = C9CD511819198E7100C41AC5 /* PBXContainerItemProxy */;
		};
/* End PBXTargetDependency section */

/* Begin PBXVariantGroup section */
		C9CD50FE19198E7000C41AC5 /* InfoPlist.strings */ = {
			isa = PBXVariantGroup;
			children = (
				C9CD50FF19198E7000C41AC5 /* en */,
			);
			name = InfoPlist.strings;
			sourceTree = "<group>";
		};
		C9CD510719198E7000C41AC5 /* Main.storyboard */ = {
			isa = PBXVariantGroup;
			children = (
				C9CD510819198E7000C41AC5 /* Base */,
			);
			name = Main.storyboard;
			sourceTree = "<group>";
		};
		C9CD511D19198E7100C41AC5 /* InfoPlist.strings */ = {
			isa = PBXVariantGroup;
			children = (
				C9CD511E19198E7100C41AC5 /* en */,
			);
			name = InfoPlist.strings;
			sourceTree = "<group>";
		};
/* End PBXVariantGroup section */

/* Begin XCBuildConfiguration section */
		C9CD512219198E7100C41AC5 /* Debug */ = {
			isa = XCBuildConfiguration;
			buildSettings = {
				ALWAYS_SEARCH_USER_PATHS = NO;
				CLANG_CXX_LANGUAGE_STANDARD = "gnu++0x";
				CLANG_CXX_LIBRARY = "libc++";
				CLANG_ENABLE_MODULES = YES;
				CLANG_ENABLE_OBJC_ARC = YES;
				CLANG_WARN_BOOL_CONVERSION = YES;
				CLANG_WARN_CONSTANT_CONVERSION = YES;
				CLANG_WARN_DIRECT_OBJC_ISA_USAGE = YES_ERROR;
				CLANG_WARN_EMPTY_BODY = YES;
				CLANG_WARN_ENUM_CONVERSION = YES;
				CLANG_WARN_INT_CONVERSION = YES;
				CLANG_WARN_OBJC_ROOT_CLASS = YES_ERROR;
				CLANG_WARN__DUPLICATE_METHOD_MATCH = YES;
				"CODE_SIGN_IDENTITY[sdk=iphoneos*]" = "iPhone Developer";
				COPY_PHASE_STRIP = NO;
				GCC_C_LANGUAGE_STANDARD = gnu99;
				GCC_DYNAMIC_NO_PIC = NO;
				GCC_OPTIMIZATION_LEVEL = 0;
				GCC_PREPROCESSOR_DEFINITIONS = (
					"DEBUG=1",
					"$(inherited)",
				);
				GCC_SYMBOLS_PRIVATE_EXTERN = NO;
				GCC_WARN_64_TO_32_BIT_CONVERSION = YES;
				GCC_WARN_ABOUT_RETURN_TYPE = YES_ERROR;
				GCC_WARN_UNDECLARED_SELECTOR = YES;
				GCC_WARN_UNINITIALIZED_AUTOS = YES_AGGRESSIVE;
				GCC_WARN_UNUSED_FUNCTION = YES;
				GCC_WARN_UNUSED_VARIABLE = YES;
				IPHONEOS_DEPLOYMENT_TARGET = 7.1;
				ONLY_ACTIVE_ARCH = YES;
				SDKROOT = iphoneos;
			};
			name = Debug;
		};
		C9CD512319198E7100C41AC5 /* Release */ = {
			isa = XCBuildConfiguration;
			buildSettings = {
				ALWAYS_SEARCH_USER_PATHS = NO;
				CLANG_CXX_LANGUAGE_STANDARD = "gnu++0x";
				CLANG_CXX_LIBRARY = "libc++";
				CLANG_ENABLE_MODULES = YES;
				CLANG_ENABLE_OBJC_ARC = YES;
				CLANG_WARN_BOOL_CONVERSION = YES;
				CLANG_WARN_CONSTANT_CONVERSION = YES;
				CLANG_WARN_DIRECT_OBJC_ISA_USAGE = YES_ERROR;
				CLANG_WARN_EMPTY_BODY = YES;
				CLANG_WARN_ENUM_CONVERSION = YES;
				CLANG_WARN_INT_CONVERSION = YES;
				CLANG_WARN_OBJC_ROOT_CLASS = YES_ERROR;
				CLANG_WARN__DUPLICATE_METHOD_MATCH = YES;
				"CODE_SIGN_IDENTITY[sdk=iphoneos*]" = "iPhone Developer";
				COPY_PHASE_STRIP = YES;
				ENABLE_NS_ASSERTIONS = NO;
				GCC_C_LANGUAGE_STANDARD = gnu99;
				GCC_WARN_64_TO_32_BIT_CONVERSION = YES;
				GCC_WARN_ABOUT_RETURN_TYPE = YES_ERROR;
				GCC_WARN_UNDECLARED_SELECTOR = YES;
				GCC_WARN_UNINITIALIZED_AUTOS = YES_AGGRESSIVE;
				GCC_WARN_UNUSED_FUNCTION = YES;
				GCC_WARN_UNUSED_VARIABLE = YES;
				IPHONEOS_DEPLOYMENT_TARGET = 7.1;
				SDKROOT = iphoneos;
				VALIDATE_PRODUCT = YES;
			};
			name = Release;
		};
		C9CD512519198E7100C41AC5 /* Debug */ = {
			isa = XCBuildConfiguration;
			buildSettings = {
				ASSETCATALOG_COMPILER_APPICON_NAME = AppIcon;
				ASSETCATALOG_COMPILER_LAUNCHIMAGE_NAME = LaunchImage;
				GCC_PRECOMPILE_PREFIX_HEADER = YES;
				GCC_PREFIX_HEADER = "ConnectFourSetUp/ConnectFourSetUp-Prefix.pch";
				INFOPLIST_FILE = "ConnectFourSetUp/ConnectFourSetUp-Info.plist";
				PRODUCT_NAME = "$(TARGET_NAME)";
				WRAPPER_EXTENSION = app;
			};
			name = Debug;
		};
		C9CD512619198E7100C41AC5 /* Release */ = {
			isa = XCBuildConfiguration;
			buildSettings = {
				ASSETCATALOG_COMPILER_APPICON_NAME = AppIcon;
				ASSETCATALOG_COMPILER_LAUNCHIMAGE_NAME = LaunchImage;
				GCC_PRECOMPILE_PREFIX_HEADER = YES;
				GCC_PREFIX_HEADER = "ConnectFourSetUp/ConnectFourSetUp-Prefix.pch";
				INFOPLIST_FILE = "ConnectFourSetUp/ConnectFourSetUp-Info.plist";
				PRODUCT_NAME = "$(TARGET_NAME)";
				WRAPPER_EXTENSION = app;
			};
			name = Release;
		};
		C9CD512819198E7100C41AC5 /* Debug */ = {
			isa = XCBuildConfiguration;
			buildSettings = {
				BUNDLE_LOADER = "$(BUILT_PRODUCTS_DIR)/ConnectFourSetUp.app/ConnectFourSetUp";
				FRAMEWORK_SEARCH_PATHS = (
					"$(SDKROOT)/Developer/Library/Frameworks",
					"$(inherited)",
					"$(DEVELOPER_FRAMEWORKS_DIR)",
				);
				GCC_PRECOMPILE_PREFIX_HEADER = YES;
				GCC_PREFIX_HEADER = "ConnectFourSetUp/ConnectFourSetUp-Prefix.pch";
				GCC_PREPROCESSOR_DEFINITIONS = (
					"DEBUG=1",
					"$(inherited)",
				);
				INFOPLIST_FILE = "ConnectFourSetUpTests/ConnectFourSetUpTests-Info.plist";
				PRODUCT_NAME = "$(TARGET_NAME)";
				TEST_HOST = "$(BUNDLE_LOADER)";
				WRAPPER_EXTENSION = xctest;
			};
			name = Debug;
		};
		C9CD512919198E7100C41AC5 /* Release */ = {
			isa = XCBuildConfiguration;
			buildSettings = {
				BUNDLE_LOADER = "$(BUILT_PRODUCTS_DIR)/ConnectFourSetUp.app/ConnectFourSetUp";
				FRAMEWORK_SEARCH_PATHS = (
					"$(SDKROOT)/Developer/Library/Frameworks",
					"$(inherited)",
					"$(DEVELOPER_FRAMEWORKS_DIR)",
				);
				GCC_PRECOMPILE_PREFIX_HEADER = YES;
				GCC_PREFIX_HEADER = "ConnectFourSetUp/ConnectFourSetUp-Prefix.pch";
				INFOPLIST_FILE = "ConnectFourSetUpTests/ConnectFourSetUpTests-Info.plist";
				PRODUCT_NAME = "$(TARGET_NAME)";
				TEST_HOST = "$(BUNDLE_LOADER)";
				WRAPPER_EXTENSION = xctest;
			};
			name = Release;
		};
/* End XCBuildConfiguration section */

/* Begin XCConfigurationList section */
		C9CD50ED19198E7000C41AC5 /* Build configuration list for PBXProject "ConnectFourSetUp" */ = {
			isa = XCConfigurationList;
			buildConfigurations = (
				C9CD512219198E7100C41AC5 /* Debug */,
				C9CD512319198E7100C41AC5 /* Release */,
			);
			defaultConfigurationIsVisible = 0;
			defaultConfigurationName = Release;
		};
		C9CD512419198E7100C41AC5 /* Build configuration list for PBXNativeTarget "ConnectFourSetUp" */ = {
			isa = XCConfigurationList;
			buildConfigurations = (
				C9CD512519198E7100C41AC5 /* Debug */,
				C9CD512619198E7100C41AC5 /* Release */,
			);
			defaultConfigurationIsVisible = 0;
		};
		C9CD512719198E7100C41AC5 /* Build configuration list for PBXNativeTarget "ConnectFourSetUpTests" */ = {
			isa = XCConfigurationList;
			buildConfigurations = (
				C9CD512819198E7100C41AC5 /* Debug */,
				C9CD512919198E7100C41AC5 /* Release */,
			);
			defaultConfigurationIsVisible = 0;
		};
/* End XCConfigurationList section */
	};
	rootObject = C9CD50EA19198E7000C41AC5 /* Project object */;
}
